
Microsoft Visual Studio Solution File, Format Version 12.00
# Visual Studio Version 16
VisualStudioVersion = 16.0.31112.23
MinimumVisualStudioVersion = 10.0.40219.1
Project("{9A19103F-16F7-4668-BE54-9A1E7A4F7556}") = "WichellHelperWeb", "WichellHelperWeb.csproj", "{B50F19BB-9A40-4283-B625-684FC01BA434}"
EndProject
Global
	GlobalSection(SolutionConfigurationPlatforms) = preSolution
		Debug|Any CPU = Debug|Any CPU
		Release|Any CPU = Release|Any CPU
	EndGlobalSection
	GlobalSection(ProjectConfigurationPlatforms) = postSolution
		{B50F19BB-9A40-4283-B625-684FC01BA434}.Debug|Any CPU.ActiveCfg = Debug|Any CPU
		{B50F19BB-9A40-4283-B625-684FC01BA434}.Debug|Any CPU.Build.0 = Debug|Any CPU
		{B50F19BB-9A40-4283-B625-684FC01BA434}.Release|Any CPU.ActiveCfg = Release|Any CPU
		{B50F19BB-9A40-4283-B625-684FC01BA434}.Release|Any CPU.Build.0 = Release|Any CPU
	EndGlobalSection
	GlobalSection(SolutionProperties) = preSolution
		HideSolutionNode = FALSE
	EndGlobalSection
	GlobalSection(ExtensibilityGlobals) = postSolution
		SolutionGuid = {E5C5EB78-F965-4605-92F2-534DEA125011}
	EndGlobalSection
EndGlobal
